// !$*UTF8*$!
{
	archiveVersion = 1;
	classes = {
	};
	objectVersion = 50;
	objects = {

/* Begin PBXBuildFile section */
		18FBDD30255CFE70006366DC /* AppDelegate.swift in Sources */ = {isa = PBXBuildFile; fileRef = 18FBDD2F255CFE70006366DC /* AppDelegate.swift */; };
		18FBDD32255CFE70006366DC /* SceneDelegate.swift in Sources */ = {isa = PBXBuildFile; fileRef = 18FBDD31255CFE70006366DC /* SceneDelegate.swift */; };
		18FBDD34255CFE70006366DC /* ViewController.swift in Sources */ = {isa = PBXBuildFile; fileRef = 18FBDD33255CFE70006366DC /* ViewController.swift */; };
		18FBDD37255CFE70006366DC /* Main.storyboard in Resources */ = {isa = PBXBuildFile; fileRef = 18FBDD35255CFE70006366DC /* Main.storyboard */; };
		18FBDD39255CFE72006366DC /* Assets.xcassets in Resources */ = {isa = PBXBuildFile; fileRef = 18FBDD38255CFE72006366DC /* Assets.xcassets */; };
		18FBDD3C255CFE72006366DC /* LaunchScreen.storyboard in Resources */ = {isa = PBXBuildFile; fileRef = 18FBDD3A255CFE72006366DC /* LaunchScreen.storyboard */; };
		18FBDD47255CFE72006366DC /* table_viewTests.swift in Sources */ = {isa = PBXBuildFile; fileRef = 18FBDD46255CFE72006366DC /* table_viewTests.swift */; };
		18FBDD52255CFE72006366DC /* table_viewUITests.swift in Sources */ = {isa = PBXBuildFile; fileRef = 18FBDD51255CFE72006366DC /* table_viewUITests.swift */; };
		18FBDD63255D0975006366DC /* PropinsiTableViewCell.swift in Sources */ = {isa = PBXBuildFile; fileRef = 18FBDD62255D0975006366DC /* PropinsiTableViewCell.swift */; };
/* End PBXBuildFile section */

/* Begin PBXContainerItemProxy section */
		18FBDD43255CFE72006366DC /* PBXContainerItemProxy */ = {
			isa = PBXContainerItemProxy;
			containerPortal = 18FBDD24255CFE70006366DC /* Project object */;
			proxyType = 1;
			remoteGlobalIDString = 18FBDD2B255CFE70006366DC;
			remoteInfo = "table view";
		};
		18FBDD4E255CFE72006366DC /* PBXContainerItemProxy */ = {
			isa = PBXContainerItemProxy;
			containerPortal = 18FBDD24255CFE70006366DC /* Project object */;
			proxyType = 1;
			remoteGlobalIDString = 18FBDD2B255CFE70006366DC;
			remoteInfo = "table view";
		};
/* End PBXContainerItemProxy section */

/* Begin PBXFileReference section */
		18FBDD2C255CFE70006366DC /* table view.app */ = {isa = PBXFileReference; explicitFileType = wrapper.application; includeInIndex = 0; path = "table view.app"; sourceTree = BUILT_PRODUCTS_DIR; };
		18FBDD2F255CFE70006366DC /* AppDelegate.swift */ = {isa = PBXFileReference; lastKnownFileType = sourcecode.swift; path = AppDelegate.swift; sourceTree = "<group>"; };
		18FBDD31255CFE70006366DC /* SceneDelegate.swift */ = {isa = PBXFileReference; lastKnownFileType = sourcecode.swift; path = SceneDelegate.swift; sourceTree = "<group>"; };
		18FBDD33255CFE70006366DC /* ViewController.swift */ = {isa = PBXFileReference; lastKnownFileType = sourcecode.swift; path = ViewController.swift; sourceTree = "<group>"; };
		18FBDD36255CFE70006366DC /* Base */ = {isa = PBXFileReference; lastKnownFileType = file.storyboard; name = Base; path = Base.lproj/Main.storyboard; sourceTree = "<group>"; };
		18FBDD38255CFE72006366DC /* Assets.xcassets */ = {isa = PBXFileReference; lastKnownFileType = folder.assetcatalog; path = Assets.xcassets; sourceTree = "<group>"; };
		18FBDD3B255CFE72006366DC /* Base */ = {isa = PBXFileReference; lastKnownFileType = file.storyboard; name = Base; path = Base.lproj/LaunchScreen.storyboard; sourceTree = "<group>"; };
		18FBDD3D255CFE72006366DC /* Info.plist */ = {isa = PBXFileReference; lastKnownFileType = text.plist.xml; path = Info.plist; sourceTree = "<group>"; };
		18FBDD42255CFE72006366DC /* table viewTests.xctest */ = {isa = PBXFileReference; explicitFileType = wrapper.cfbundle; includeInIndex = 0; path = "table viewTests.xctest"; sourceTree = BUILT_PRODUCTS_DIR; };
		18FBDD46255CFE72006366DC /* table_viewTests.swift */ = {isa = PBXFileReference; lastKnownFileType = sourcecode.swift; path = table_viewTests.swift; sourceTree = "<group>"; };
		18FBDD48255CFE72006366DC /* Info.plist */ = {isa = PBXFileReference; lastKnownFileType = text.plist.xml; path = Info.plist; sourceTree = "<group>"; };
		18FBDD4D255CFE72006366DC /* table viewUITests.xctest */ = {isa = PBXFileReference; explicitFileType = wrapper.cfbundle; includeInIndex = 0; path = "table viewUITests.xctest"; sourceTree = BUILT_PRODUCTS_DIR; };
		18FBDD51255CFE72006366DC /* table_viewUITests.swift */ = {isa = PBXFileReference; lastKnownFileType = sourcecode.swift; path = table_viewUITests.swift; sourceTree = "<group>"; };
		18FBDD53255CFE72006366DC /* Info.plist */ = {isa = PBXFileReference; lastKnownFileType = text.plist.xml; path = Info.plist; sourceTree = "<group>"; };
		18FBDD62255D0975006366DC /* PropinsiTableViewCell.swift */ = {isa = PBXFileReference; lastKnownFileType = sourcecode.swift; path = PropinsiTableViewCell.swift; sourceTree = "<group>"; };
/* End PBXFileReference section */

/* Begin PBXFrameworksBuildPhase section */
		18FBDD29255CFE70006366DC /* Frameworks */ = {
			isa = PBXFrameworksBuildPhase;
			buildActionMask = 2147483647;
			files = (
			);
			runOnlyForDeploymentPostprocessing = 0;
		};
		18FBDD3F255CFE72006366DC /* Frameworks */ = {
			isa = PBXFrameworksBuildPhase;
			buildActionMask = 2147483647;
			files = (
			);
			runOnlyForDeploymentPostprocessing = 0;
		};
		18FBDD4A255CFE72006366DC /* Frameworks */ = {
			isa = PBXFrameworksBuildPhase;
			buildActionMask = 2147483647;
			files = (
			);
			runOnlyForDeploymentPostprocessing = 0;
		};
/* End PBXFrameworksBuildPhase section */

/* Begin PBXGroup section */
		18FBDD23255CFE70006366DC = {
			isa = PBXGroup;
			children = (
				18FBDD2E255CFE70006366DC /* table view */,
				18FBDD45255CFE72006366DC /* table viewTests */,
				18FBDD50255CFE72006366DC /* table viewUITests */,
				18FBDD2D255CFE70006366DC /* Products */,
			);
			sourceTree = "<group>";
		};
		18FBDD2D255CFE70006366DC /* Products */ = {
			isa = PBXGroup;
			children = (
				18FBDD2C255CFE70006366DC /* table view.app */,
				18FBDD42255CFE72006366DC /* table viewTests.xctest */,
				18FBDD4D255CFE72006366DC /* table viewUITests.xctest */,
			);
			name = Products;
			sourceTree = "<group>";
		};
		18FBDD2E255CFE70006366DC /* table view */ = {
			isa = PBXGroup;
			children = (
				18FBDD2F255CFE70006366DC /* AppDelegate.swift */,
				18FBDD31255CFE70006366DC /* SceneDelegate.swift */,
				18FBDD33255CFE70006366DC /* ViewController.swift */,
				18FBDD35255CFE70006366DC /* Main.storyboard */,
				18FBDD38255CFE72006366DC /* Assets.xcassets */,
				18FBDD3A255CFE72006366DC /* LaunchScreen.storyboard */,
				18FBDD3D255CFE72006366DC /* Info.plist */,
				18FBDD62255D0975006366DC /* PropinsiTableViewCell.swift */,
			);
			path = "table view";
			sourceTree = "<group>";
		};
		18FBDD45255CFE72006366DC /* table viewTests */ = {
			isa = PBXGroup;
			children = (
				18FBDD46255CFE72006366DC /* table_viewTests.swift */,
				18FBDD48255CFE72006366DC /* Info.plist */,
			);
			path = "table viewTests";
			sourceTree = "<group>";
		};
		18FBDD50255CFE72006366DC /* table viewUITests */ = {
			isa = PBXGroup;
			children = (
				18FBDD51255CFE72006366DC /* table_viewUITests.swift */,
				18FBDD53255CFE72006366DC /* Info.plist */,
			);
			path = "table viewUITests";
			sourceTree = "<group>";
		};
/* End PBXGroup section */

/* Begin PBXNativeTarget section */
		18FBDD2B255CFE70006366DC /* table view */ = {
			isa = PBXNativeTarget;
			buildConfigurationList = 18FBDD56255CFE73006366DC /* Build configuration list for PBXNativeTarget "table view" */;
			buildPhases = (
				18FBDD28255CFE70006366DC /* Sources */,
				18FBDD29255CFE70006366DC /* Frameworks */,
				18FBDD2A255CFE70006366DC /* Resources */,
			);
			buildRules = (
			);
			dependencies = (
			);
			name = "table view";
			productName = "table view";
			productReference = 18FBDD2C255CFE70006366DC /* table view.app */;
			productType = "com.apple.product-type.application";
		};
		18FBDD41255CFE72006366DC /* table viewTests */ = {
			isa = PBXNativeTarget;
			buildConfigurationList = 18FBDD59255CFE73006366DC /* Build configuration list for PBXNativeTarget "table viewTests" */;
			buildPhases = (
				18FBDD3E255CFE72006366DC /* Sources */,
				18FBDD3F255CFE72006366DC /* Frameworks */,
				18FBDD40255CFE72006366DC /* Resources */,
			);
			buildRules = (
			);
			dependencies = (
				18FBDD44255CFE72006366DC /* PBXTargetDependency */,
			);
			name = "table viewTests";
			productName = "table viewTests";
			productReference = 18FBDD42255CFE72006366DC /* table viewTests.xctest */;
			productType = "com.apple.product-type.bundle.unit-test";
		};
		18FBDD4C255CFE72006366DC /* table viewUITests */ = {
			isa = PBXNativeTarget;
			buildConfigurationList = 18FBDD5C255CFE73006366DC /* Build configuration list for PBXNativeTarget "table viewUITests" */;
			buildPhases = (
				18FBDD49255CFE72006366DC /* Sources */,
				18FBDD4A255CFE72006366DC /* Frameworks */,
				18FBDD4B255CFE72006366DC /* Resources */,
			);
			buildRules = (
			);
			dependencies = (
				18FBDD4F255CFE72006366DC /* PBXTargetDependency */,
			);
			name = "table viewUITests";
			productName = "table viewUITests";
			productReference = 18FBDD4D255CFE72006366DC /* table viewUITests.xctest */;
			productType = "com.apple.product-type.bundle.ui-testing";
		};
/* End PBXNativeTarget section */

/* Begin PBXProject section */
		18FBDD24255CFE70006366DC /* Project object */ = {
			isa = PBXProject;
			attributes = {
				LastSwiftUpdateCheck = 1210;
				LastUpgradeCheck = 1210;
				TargetAttributes = {
					18FBDD2B255CFE70006366DC = {
						CreatedOnToolsVersion = 12.1;
					};
					18FBDD41255CFE72006366DC = {
						CreatedOnToolsVersion = 12.1;
						TestTargetID = 18FBDD2B255CFE70006366DC;
					};
					18FBDD4C255CFE72006366DC = {
						CreatedOnToolsVersion = 12.1;
						TestTargetID = 18FBDD2B255CFE70006366DC;
					};
				};
			};
			buildConfigurationList = 18FBDD27255CFE70006366DC /* Build configuration list for PBXProject "table view" */;
			compatibilityVersion = "Xcode 9.3";
			developmentRegion = en;
			hasScannedForEncodings = 0;
			knownRegions = (
				en,
				Base,
			);
			mainGroup = 18FBDD23255CFE70006366DC;
			productRefGroup = 18FBDD2D255CFE70006366DC /* Products */;
			projectDirPath = "";
			projectRoot = "";
			targets = (
				18FBDD2B255CFE70006366DC /* table view */,
				18FBDD41255CFE72006366DC /* table viewTests */,
				18FBDD4C255CFE72006366DC /* table viewUITests */,
			);
		};
/* End PBXProject section */

/* Begin PBXResourcesBuildPhase section */
		18FBDD2A255CFE70006366DC /* Resources */ = {
			isa = PBXResourcesBuildPhase;
			buildActionMask = 2147483647;
			files = (
				18FBDD3C255CFE72006366DC /* LaunchScreen.storyboard in Resources */,
				18FBDD39255CFE72006366DC /* Assets.xcassets in Resources */,
				18FBDD37255CFE70006366DC /* Main.storyboard in Resources */,
			);
			runOnlyForDeploymentPostprocessing = 0;
		};
		18FBDD40255CFE72006366DC /* Resources */ = {
			isa = PBXResourcesBuildPhase;
			buildActionMask = 2147483647;
			files = (
			);
			runOnlyForDeploymentPostprocessing = 0;
		};
		18FBDD4B255CFE72006366DC /* Resources */ = {
			isa = PBXResourcesBuildPhase;
			buildActionMask = 2147483647;
			files = (
			);
			runOnlyForDeploymentPostprocessing = 0;
		};
/* End PBXResourcesBuildPhase section */

/* Begin PBXSourcesBuildPhase section */
		18FBDD28255CFE70006366DC /* Sources */ = {
			isa = PBXSourcesBuildPhase;
			buildActionMask = 2147483647;
			files = (
				18FBDD34255CFE70006366DC /* ViewController.swift in Sources */,
				18FBDD63255D0975006366DC /* PropinsiTableViewCell.swift in Sources */,
				18FBDD30255CFE70006366DC /* AppDelegate.swift in Sources */,
				18FBDD32255CFE70006366DC /* SceneDelegate.swift in Sources */,
			);
			runOnlyForDeploymentPostprocessing = 0;
		};
		18FBDD3E255CFE72006366DC /* Sources */ = {
			isa = PBXSourcesBuildPhase;
			buildActionMask = 2147483647;
			files = (
				18FBDD47255CFE72006366DC /* table_viewTests.swift in Sources */,
			);
			runOnlyForDeploymentPostprocessing = 0;
		};
		18FBDD49255CFE72006366DC /* Sources */ = {
			isa = PBXSourcesBuildPhase;
			buildActionMask = 2147483647;
			files = (
				18FBDD52255CFE72006366DC /* table_viewUITests.swift in Sources */,
			);
			runOnlyForDeploymentPostprocessing = 0;
		};
/* End PBXSourcesBuildPhase section */

/* Begin PBXTargetDependency section */
		18FBDD44255CFE72006366DC /* PBXTargetDependency */ = {
			isa = PBXTargetDependency;
			target = 18FBDD2B255CFE70006366DC /* table view */;
			targetProxy = 18FBDD43255CFE72006366DC /* PBXContainerItemProxy */;
		};
		18FBDD4F255CFE72006366DC /* PBXTargetDependency */ = {
			isa = PBXTargetDependency;
			target = 18FBDD2B255CFE70006366DC /* table view */;
			targetProxy = 18FBDD4E255CFE72006366DC /* PBXContainerItemProxy */;
		};
/* End PBXTargetDependency section */

/* Begin PBXVariantGroup section */
		18FBDD35255CFE70006366DC /* Main.storyboard */ = {
			isa = PBXVariantGroup;
			children = (
				18FBDD36255CFE70006366DC /* Base */,
			);
			name = Main.storyboard;
			sourceTree = "<group>";
		};
		18FBDD3A255CFE72006366DC /* LaunchScreen.storyboard */ = {
			isa = PBXVariantGroup;
			children = (
				18FBDD3B255CFE72006366DC /* Base */,
			);
			name = LaunchScreen.storyboard;
			sourceTree = "<group>";
		};
/* End PBXVariantGroup section */

/* Begin XCBuildConfiguration section */
		18FBDD54255CFE73006366DC /* Debug */ = {
			isa = XCBuildConfiguration;
			buildSettings = {
				ALWAYS_SEARCH_USER_PATHS = NO;
				CLANG_ANALYZER_NONNULL = YES;
				CLANG_ANALYZER_NUMBER_OBJECT_CONVERSION = YES_AGGRESSIVE;
				CLANG_CXX_LANGUAGE_STANDARD = "gnu++14";
				CLANG_CXX_LIBRARY = "libc++";
				CLANG_ENABLE_MODULES = YES;
				CLANG_ENABLE_OBJC_ARC = YES;
				CLANG_ENABLE_OBJC_WEAK = YES;
				CLANG_WARN_BLOCK_CAPTURE_AUTORELEASING = YES;
				CLANG_WARN_BOOL_CONVERSION = YES;
				CLANG_WARN_COMMA = YES;
				CLANG_WARN_CONSTANT_CONVERSION = YES;
				CLANG_WARN_DEPRECATED_OBJC_IMPLEMENTATIONS = YES;
				CLANG_WARN_DIRECT_OBJC_ISA_USAGE = YES_ERROR;
				CLANG_WARN_DOCUMENTATION_COMMENTS = YES;
				CLANG_WARN_EMPTY_BODY = YES;
				CLANG_WARN_ENUM_CONVERSION = YES;
				CLANG_WARN_INFINITE_RECURSION = YES;
				CLANG_WARN_INT_CONVERSION = YES;
				CLANG_WARN_NON_LITERAL_NULL_CONVERSION = YES;
				CLANG_WARN_OBJC_IMPLICIT_RETAIN_SELF = YES;
				CLANG_WARN_OBJC_LITERAL_CONVERSION = YES;
				CLANG_WARN_OBJC_ROOT_CLASS = YES_ERROR;
				CLANG_WARN_QUOTED_INCLUDE_IN_FRAMEWORK_HEADER = YES;
				CLANG_WARN_RANGE_LOOP_ANALYSIS = YES;
				CLANG_WARN_STRICT_PROTOTYPES = YES;
				CLANG_WARN_SUSPICIOUS_MOVE = YES;
				CLANG_WARN_UNGUARDED_AVAILABILITY = YES_AGGRESSIVE;
				CLANG_WARN_UNREACHABLE_CODE = YES;
				CLANG_WARN__DUPLICATE_METHOD_MATCH = YES;
				COPY_PHASE_STRIP = NO;
				DEBUG_INFORMATION_FORMAT = dwarf;
				ENABLE_STRICT_OBJC_MSGSEND = YES;
				ENABLE_TESTABILITY = YES;
				GCC_C_LANGUAGE_STANDARD = gnu11;
				GCC_DYNAMIC_NO_PIC = NO;
				GCC_NO_COMMON_BLOCKS = YES;
				GCC_OPTIMIZATION_LEVEL = 0;
				GCC_PREPROCESSOR_DEFINITIONS = (
					"DEBUG=1",
					"$(inherited)",
				);
				GCC_WARN_64_TO_32_BIT_CONVERSION = YES;
				GCC_WARN_ABOUT_RETURN_TYPE = YES_ERROR;
				GCC_WARN_UNDECLARED_SELECTOR = YES;
				GCC_WARN_UNINITIALIZED_AUTOS = YES_AGGRESSIVE;
				GCC_WARN_UNUSED_FUNCTION = YES;
				GCC_WARN_UNUSED_VARIABLE = YES;
				IPHONEOS_DEPLOYMENT_TARGET = 14.1;
				MTL_ENABLE_DEBUG_INFO = INCLUDE_SOURCE;
				MTL_FAST_MATH = YES;
				ONLY_ACTIVE_ARCH = YES;
				SDKROOT = iphoneos;
				SWIFT_ACTIVE_COMPILATION_CONDITIONS = DEBUG;
				SWIFT_OPTIMIZATION_LEVEL = "-Onone";
			};
			name = Debug;
		};
		18FBDD55255CFE73006366DC /* Release */ = {
			isa = XCBuildConfiguration;
			buildSettings = {
				ALWAYS_SEARCH_USER_PATHS = NO;
				CLANG_ANALYZER_NONNULL = YES;
				CLANG_ANALYZER_NUMBER_OBJECT_CONVERSION = YES_AGGRESSIVE;
				CLANG_CXX_LANGUAGE_STANDARD = "gnu++14";
				CLANG_CXX_LIBRARY = "libc++";
				CLANG_ENABLE_MODULES = YES;
				CLANG_ENABLE_OBJC_ARC = YES;
				CLANG_ENABLE_OBJC_WEAK = YES;
				CLANG_WARN_BLOCK_CAPTURE_AUTORELEASING = YES;
				CLANG_WARN_BOOL_CONVERSION = YES;
				CLANG_WARN_COMMA = YES;
				CLANG_WARN_CONSTANT_CONVERSION = YES;
				CLANG_WARN_DEPRECATED_OBJC_IMPLEMENTATIONS = YES;
				CLANG_WARN_DIRECT_OBJC_ISA_USAGE = YES_ERROR;
				CLANG_WARN_DOCUMENTATION_COMMENTS = YES;
				CLANG_WARN_EMPTY_BODY = YES;
				CLANG_WARN_ENUM_CONVERSION = YES;
				CLANG_WARN_INFINITE_RECURSION = YES;
				CLANG_WARN_INT_CONVERSION = YES;
				CLANG_WARN_NON_LITERAL_NULL_CONVERSION = YES;
				CLANG_WARN_OBJC_IMPLICIT_RETAIN_SELF = YES;
				CLANG_WARN_OBJC_LITERAL_CONVERSION = YES;
				CLANG_WARN_OBJC_ROOT_CLASS = YES_ERROR;
				CLANG_WARN_QUOTED_INCLUDE_IN_FRAMEWORK_HEADER = YES;
				CLANG_WARN_RANGE_LOOP_ANALYSIS = YES;
				CLANG_WARN_STRICT_PROTOTYPES = YES;
				CLANG_WARN_SUSPICIOUS_MOVE = YES;
				CLANG_WARN_UNGUARDED_AVAILABILITY = YES_AGGRESSIVE;
				CLANG_WARN_UNREACHABLE_CODE = YES;
				CLANG_WARN__DUPLICATE_METHOD_MATCH = YES;
				COPY_PHASE_STRIP = NO;
				DEBUG_INFORMATION_FORMAT = "dwarf-with-dsym";
				ENABLE_NS_ASSERTIONS = NO;
				ENABLE_STRICT_OBJC_MSGSEND = YES;
				GCC_C_LANGUAGE_STANDARD = gnu11;
				GCC_NO_COMMON_BLOCKS = YES;
				GCC_WARN_64_TO_32_BIT_CONVERSION = YES;
				GCC_WARN_ABOUT_RETURN_TYPE = YES_ERROR;
				GCC_WARN_UNDECLARED_SELECTOR = YES;
				GCC_WARN_UNINITIALIZED_AUTOS = YES_AGGRESSIVE;
				GCC_WARN_UNUSED_FUNCTION = YES;
				GCC_WARN_UNUSED_VARIABLE = YES;
				IPHONEOS_DEPLOYMENT_TARGET = 14.1;
				MTL_ENABLE_DEBUG_INFO = NO;
				MTL_FAST_MATH = YES;
				SDKROOT = iphoneos;
				SWIFT_COMPILATION_MODE = wholemodule;
				SWIFT_OPTIMIZATION_LEVEL = "-O";
				VALIDATE_PRODUCT = YES;
			};
			name = Release;
		};
		18FBDD57255CFE73006366DC /* Debug */ = {
			isa = XCBuildConfiguration;
			buildSettings = {
				ASSETCATALOG_COMPILER_APPICON_NAME = AppIcon;
				ASSETCATALOG_COMPILER_GLOBAL_ACCENT_COLOR_NAME = AccentColor;
				CODE_SIGN_STYLE = Automatic;
				INFOPLIST_FILE = "table view/Info.plist";
				LD_RUNPATH_SEARCH_PATHS = (
					"$(inherited)",
					"@executable_path/Frameworks",
				);
				PRODUCT_BUNDLE_IDENTIFIER = "RPL-A.table-view";
				PRODUCT_NAME = "$(TARGET_NAME)";
				SWIFT_VERSION = 5.0;
				TARGETED_DEVICE_FAMILY = "1,2";
			};
			name = Debug;
		};
		18FBDD58255CFE73006366DC /* Release */ = {
			isa = XCBuildConfiguration;
			buildSettings = {
				ASSETCATALOG_COMPILER_APPICON_NAME = AppIcon;
				ASSETCATALOG_COMPILER_GLOBAL_ACCENT_COLOR_NAME = AccentColor;
				CODE_SIGN_STYLE = Automatic;
				INFOPLIST_FILE = "table view/Info.plist";
				LD_RUNPATH_SEARCH_PATHS = (
					"$(inherited)",
					"@executable_path/Frameworks",
				);
				PRODUCT_BUNDLE_IDENTIFIER = "RPL-A.table-view";
				PRODUCT_NAME = "$(TARGET_NAME)";
				SWIFT_VERSION = 5.0;
				TARGETED_DEVICE_FAMILY = "1,2";
			};
			name = Release;
		};
		18FBDD5A255CFE73006366DC /* Debug */ = {
			isa = XCBuildConfiguration;
			buildSettings = {
				ALWAYS_EMBED_SWIFT_STANDARD_LIBRARIES = YES;
				BUNDLE_LOADER = "$(TEST_HOST)";
				CODE_SIGN_STYLE = Automatic;
				INFOPLIST_FILE = "table viewTests/Info.plist";
				IPHONEOS_DEPLOYMENT_TARGET = 14.1;
				LD_RUNPATH_SEARCH_PATHS = (
					"$(inherited)",
					"@executable_path/Frameworks",
					"@loader_path/Frameworks",
				);
				PRODUCT_BUNDLE_IDENTIFIER = "RPL-A.table-viewTests";
				PRODUCT_NAME = "$(TARGET_NAME)";
				SWIFT_VERSION = 5.0;
				TARGETED_DEVICE_FAMILY = "1,2";
				TEST_HOST = "$(BUILT_PRODUCTS_DIR)/table view.app/table view";
			};
			name = Debug;
		};
		18FBDD5B255CFE73006366DC /* Release */ = {
			isa = XCBuildConfiguration;
			buildSettings = {
				ALWAYS_EMBED_SWIFT_STANDARD_LIBRARIES = YES;
				BUNDLE_LOADER = "$(TEST_HOST)";
				CODE_SIGN_STYLE = Automatic;
				INFOPLIST_FILE = "table viewTests/Info.plist";
				IPHONEOS_DEPLOYMENT_TARGET = 14.1;
				LD_RUNPATH_SEARCH_PATHS = (
					"$(inherited)",
					"@executable_path/Frameworks",
					"@loader_path/Frameworks",
				);
				PRODUCT_BUNDLE_IDENTIFIER = "RPL-A.table-viewTests";
				PRODUCT_NAME = "$(TARGET_NAME)";
				SWIFT_VERSION = 5.0;
				TARGETED_DEVICE_FAMILY = "1,2";
				TEST_HOST = "$(BUILT_PRODUCTS_DIR)/table view.app/table view";
			};
			name = Release;
		};
		18FBDD5D255CFE73006366DC /* Debug */ = {
			isa = XCBuildConfiguration;
			buildSettings = {
				ALWAYS_EMBED_SWIFT_STANDARD_LIBRARIES = YES;
				CODE_SIGN_STYLE = Automatic;
				INFOPLIST_FILE = "table viewUITests/Info.plist";
				LD_RUNPATH_SEARCH_PATHS = (
					"$(inherited)",
					"@executable_path/Frameworks",
					"@loader_path/Frameworks",
				);
				PRODUCT_BUNDLE_IDENTIFIER = "RPL-A.table-viewUITests";
				PRODUCT_NAME = "$(TARGET_NAME)";
				SWIFT_VERSION = 5.0;
				TARGETED_DEVICE_FAMILY = "1,2";
				TEST_TARGET_NAME = "table view";
			};
			name = Debug;
		};
		18FBDD5E255CFE73006366DC /* Release */ = {
			isa = XCBuildConfiguration;
			buildSettings = {
				ALWAYS_EMBED_SWIFT_STANDARD_LIBRARIES = YES;
				CODE_SIGN_STYLE = Automatic;
				INFOPLIST_FILE = "table viewUITests/Info.plist";
				LD_RUNPATH_SEARCH_PATHS = (
					"$(inherited)",
					"@executable_path/Frameworks",
					"@loader_path/Frameworks",
				);
				PRODUCT_BUNDLE_IDENTIFIER = "RPL-A.table-viewUITests";
				PRODUCT_NAME = "$(TARGET_NAME)";
				SWIFT_VERSION = 5.0;
				TARGETED_DEVICE_FAMILY = "1,2";
				TEST_TARGET_NAME = "table view";
			};
			name = Release;
		};
/* End XCBuildConfiguration section */

/* Begin XCConfigurationList section */
		18FBDD27255CFE70006366DC /* Build configuration list for PBXProject "table view" */ = {
			isa = XCConfigurationList;
			buildConfigurations = (
				18FBDD54255CFE73006366DC /* Debug */,
				18FBDD55255CFE73006366DC /* Release */,
			);
			defaultConfigurationIsVisible = 0;
			defaultConfigurationName = Release;
		};
		18FBDD56255CFE73006366DC /* Build configuration list for PBXNativeTarget "table view" */ = {
			isa = XCConfigurationList;
			buildConfigurations = (
				18FBDD57255CFE73006366DC /* Debug */,
				18FBDD58255CFE73006366DC /* Release */,
			);
			defaultConfigurationIsVisible = 0;
			defaultConfigurationName = Release;
		};
		18FBDD59255CFE73006366DC /* Build configuration list for PBXNativeTarget "table viewTests" */ = {
			isa = XCConfigurationList;
			buildConfigurations = (
				18FBDD5A255CFE73006366DC /* Debug */,
				18FBDD5B255CFE73006366DC /* Release */,
			);
			defaultConfigurationIsVisible = 0;
			defaultConfigurationName = Release;
		};
		18FBDD5C255CFE73006366DC /* Build configuration list for PBXNativeTarget "table viewUITests" */ = {
			isa = XCConfigurationList;
			buildConfigurations = (
				18FBDD5D255CFE73006366DC /* Debug */,
				18FBDD5E255CFE73006366DC /* Release */,
			);
			defaultConfigurationIsVisible = 0;
			defaultConfigurationName = Release;
		};
/* End XCConfigurationList section */
	};
	rootObject = 18FBDD24255CFE70006366DC /* Project object */;
}
